
Microsoft Visual Studio Solution File, Format Version 12.00
# Visual Studio 15
VisualStudioVersion = 15.0.26730.16
MinimumVisualStudioVersion = 10.0.40219.1
Project("{FAE04EC0-301F-11D3-BF4B-00C04F79EFBC}") = "LinearShooter", "LinearShooter.csproj", "{4BF67BDE-A3DF-C240-C28F-DEA592F263BB}"
EndProject
Project("{FAE04EC0-301F-11D3-BF4B-00C04F79EFBC}") = "LinearShooter.Editor", "LinearShooter.Editor.csproj", "{6A5F1B73-C8E6-002B-4A5A-1CF2088EED7E}"
EndProject
Global
	GlobalSection(SolutionConfigurationPlatforms) = preSolution
		Debug|Any CPU = Debug|Any CPU
		Release|Any CPU = Release|Any CPU
	EndGlobalSection
	GlobalSection(ProjectConfigurationPlatforms) = postSolution
		{4BF67BDE-A3DF-C240-C28F-DEA592F263BB}.Debug|Any CPU.ActiveCfg = Debug|Any CPU
		{4BF67BDE-A3DF-C240-C28F-DEA592F263BB}.Debug|Any CPU.Build.0 = Debug|Any CPU
		{4BF67BDE-A3DF-C240-C28F-DEA592F263BB}.Release|Any CPU.ActiveCfg = Release|Any CPU
		{4BF67BDE-A3DF-C240-C28F-DEA592F263BB}.Release|Any CPU.Build.0 = Release|Any CPU
		{6A5F1B73-C8E6-002B-4A5A-1CF2088EED7E}.Debug|Any CPU.ActiveCfg = Debug|Any CPU
		{6A5F1B73-C8E6-002B-4A5A-1CF2088EED7E}.Debug|Any CPU.Build.0 = Debug|Any CPU
		{6A5F1B73-C8E6-002B-4A5A-1CF2088EED7E}.Release|Any CPU.ActiveCfg = Release|Any CPU
		{6A5F1B73-C8E6-002B-4A5A-1CF2088EED7E}.Release|Any CPU.Build.0 = Release|Any CPU
	EndGlobalSection
	GlobalSection(SolutionProperties) = preSolution
		HideSolutionNode = FALSE
	EndGlobalSection
	GlobalSection(ExtensibilityGlobals) = postSolution
		SolutionGuid = {BB98409E-8DCB-4AE5-B9F2-CD9526D49B48}
	EndGlobalSection
EndGlobal
